
Microsoft Visual Studio Solution File, Format Version 12.00
# Visual Studio Version 16
VisualStudioVersion = 16.0.31624.102
MinimumVisualStudioVersion = 10.0.40219.1
Project("{2150E333-8FDC-42A3-9474-1A3956D46DE8}") = "Framework", "Framework", "{4FD817BF-86A1-4C9F-999E-47382AAFAE8F}"
EndProject
Project("{9A19103F-16F7-4668-BE54-9A1E7A4F7556}") = "Framework.Domain", "framework\Framework.Domain\Framework.Domain.csproj", "{B3D3EBDC-47D1-4A85-AFF4-3053FC5C548E}"
EndProject
Project("{2150E333-8FDC-42A3-9474-1A3956D46DE8}") = "Src", "Src", "{2272F3AD-71A9-4614-8621-888F08CF2432}"
EndProject
Project("{2150E333-8FDC-42A3-9474-1A3956D46DE8}") = "0_Tools", "0_Tools", "{86B4F860-A3F5-4C01-9EE5-91A79427A8AD}"
EndProject
Project("{2150E333-8FDC-42A3-9474-1A3956D46DE8}") = "Domain", "Domain", "{0450F3A4-A6E6-4AF9-B776-BD99700466BC}"
EndProject
Project("{9A19103F-16F7-4668-BE54-9A1E7A4F7556}") = "ReservationSystem.DatabaseMigrations", "Src\0_Tools\ReservationSystem.DatabaseMigrations\ReservationSystem.DatabaseMigrations.csproj", "{880BDC54-D400-41E2-A83F-87E8FF906FA1}"
EndProject
Project("{9A19103F-16F7-4668-BE54-9A1E7A4F7556}") = "ReservationSystem.Domain", "Src\Domain\ReservationSystem.Domain\ReservationSystem.Domain.csproj", "{447A2F8A-037A-4432-9068-4CF724F04A4B}"
EndProject
Project("{2150E333-8FDC-42A3-9474-1A3956D46DE8}") = "tests", "tests", "{E5670E43-3252-4A9E-BB40-0C4AFA8FC7E7}"
EndProject
Project("{2150E333-8FDC-42A3-9474-1A3956D46DE8}") = "Utils", "Utils", "{64007EBF-A124-4054-9BEA-6F6ADD822AD5}"
EndProject
Project("{9A19103F-16F7-4668-BE54-9A1E7A4F7556}") = "ReservationSystem.Domain.Tests.Unit", "tests\ReservationSystem.Domain.Tests.Unit\ReservationSystem.Domain.Tests.Unit.csproj", "{0D9D0961-50FC-44F0-9A26-1E09D92547E5}"
EndProject
Project("{9A19103F-16F7-4668-BE54-9A1E7A4F7556}") = "ReservationSystem.NH.Tests.Integration", "tests\ReservationSystem.NH.Tests.Integration\ReservationSystem.NH.Tests.Integration.csproj", "{01D35E0A-8077-47D3-BB28-AEC81E6D77D4}"
EndProject
Project("{9A19103F-16F7-4668-BE54-9A1E7A4F7556}") = "ReservationSystem.Domain.TestsUtils", "tests\Utils\ReservationSystem.Domain.TestsUtils\ReservationSystem.Domain.TestsUtils.csproj", "{638A3040-C656-4920-A925-947651F929D1}"
EndProject
Project("{9A19103F-16F7-4668-BE54-9A1E7A4F7556}") = "Framework.Test", "framework\Framework.Test\Framework.Test.csproj", "{FFC348CE-A45F-4FB0-B7ED-326359994407}"
EndProject
Project("{9A19103F-16F7-4668-BE54-9A1E7A4F7556}") = "Framework.Core", "framework\Framework.Core\Framework.Core.csproj", "{B21084AA-BBDE-4DF7-A650-22D287CACF1A}"
EndProject
Project("{2150E333-8FDC-42A3-9474-1A3956D46DE8}") = "Infrastructure", "Infrastructure", "{AE15403A-B4E5-4AB6-8F0F-228E01E5A928}"
EndProject
Project("{9A19103F-16F7-4668-BE54-9A1E7A4F7556}") = "ReservationSystem.Persistence.NH", "Infrastructure\ReservationSystem.Persistence.NH\ReservationSystem.Persistence.NH.csproj", "{0862F847-27B6-4BED-87FA-2CE76C597CB4}"
EndProject
Project("{9A19103F-16F7-4668-BE54-9A1E7A4F7556}") = "Framework.NH", "framework\Framework.NH\Framework.NH.csproj", "{A4B7F8D9-B5DE-4C05-8798-FDB47AFFFAD2}"
EndProject
Project("{9A19103F-16F7-4668-BE54-9A1E7A4F7556}") = "Framework.Application", "framework\Framework.Application\Framework.Application.csproj", "{9BE4D4ED-1314-4235-91AF-C6F279E33E06}"
EndProject
Project("{2150E333-8FDC-42A3-9474-1A3956D46DE8}") = "Gateways", "Gateways", "{702797E3-8029-4C83-A780-9DB7211CF5BA}"
EndProject
Project("{FAE04EC0-301F-11D3-BF4B-00C04F79EFBC}") = "ReservationSyatem.Gateways.RestApi", "Gateways\ReservationSyatem.Gateways.RestApi\ReservationSyatem.Gateways.RestApi.csproj", "{5E4219C1-14F5-4D7D-AC9F-851CD6B9156D}"
EndProject
Project("{2150E333-8FDC-42A3-9474-1A3956D46DE8}") = "Application", "Application", "{70224A9D-F121-4310-83DA-D4D86BDFEE01}"
EndProject
Project("{2150E333-8FDC-42A3-9474-1A3956D46DE8}") = "ReservationSystem.Application", "ReservationSystem.Application", "{55295256-EDFE-46C5-9E22-19D94249A7D6}"
EndProject
Project("{2150E333-8FDC-42A3-9474-1A3956D46DE8}") = "ReservationSystem.Application.Contract", "ReservationSystem.Application.Contract", "{68025AD5-4D54-416B-A1AB-C017C434C4F6}"
EndProject
Global
	GlobalSection(SolutionConfigurationPlatforms) = preSolution
		Debug|Any CPU = Debug|Any CPU
		Release|Any CPU = Release|Any CPU
	EndGlobalSection
	GlobalSection(ProjectConfigurationPlatforms) = postSolution
		{B3D3EBDC-47D1-4A85-AFF4-3053FC5C548E}.Debug|Any CPU.ActiveCfg = Debug|Any CPU
		{B3D3EBDC-47D1-4A85-AFF4-3053FC5C548E}.Debug|Any CPU.Build.0 = Debug|Any CPU
		{B3D3EBDC-47D1-4A85-AFF4-3053FC5C548E}.Release|Any CPU.ActiveCfg = Release|Any CPU
		{B3D3EBDC-47D1-4A85-AFF4-3053FC5C548E}.Release|Any CPU.Build.0 = Release|Any CPU
		{880BDC54-D400-41E2-A83F-87E8FF906FA1}.Debug|Any CPU.ActiveCfg = Debug|Any CPU
		{880BDC54-D400-41E2-A83F-87E8FF906FA1}.Debug|Any CPU.Build.0 = Debug|Any CPU
		{880BDC54-D400-41E2-A83F-87E8FF906FA1}.Release|Any CPU.ActiveCfg = Release|Any CPU
		{880BDC54-D400-41E2-A83F-87E8FF906FA1}.Release|Any CPU.Build.0 = Release|Any CPU
		{447A2F8A-037A-4432-9068-4CF724F04A4B}.Debug|Any CPU.ActiveCfg = Debug|Any CPU
		{447A2F8A-037A-4432-9068-4CF724F04A4B}.Debug|Any CPU.Build.0 = Debug|Any CPU
		{447A2F8A-037A-4432-9068-4CF724F04A4B}.Release|Any CPU.ActiveCfg = Release|Any CPU
		{447A2F8A-037A-4432-9068-4CF724F04A4B}.Release|Any CPU.Build.0 = Release|Any CPU
		{0D9D0961-50FC-44F0-9A26-1E09D92547E5}.Debug|Any CPU.ActiveCfg = Debug|Any CPU
		{0D9D0961-50FC-44F0-9A26-1E09D92547E5}.Debug|Any CPU.Build.0 = Debug|Any CPU
		{0D9D0961-50FC-44F0-9A26-1E09D92547E5}.Release|Any CPU.ActiveCfg = Release|Any CPU
		{0D9D0961-50FC-44F0-9A26-1E09D92547E5}.Release|Any CPU.Build.0 = Release|Any CPU
		{01D35E0A-8077-47D3-BB28-AEC81E6D77D4}.Debug|Any CPU.ActiveCfg = Debug|Any CPU
		{01D35E0A-8077-47D3-BB28-AEC81E6D77D4}.Debug|Any CPU.Build.0 = Debug|Any CPU
		{01D35E0A-8077-47D3-BB28-AEC81E6D77D4}.Release|Any CPU.ActiveCfg = Release|Any CPU
		{01D35E0A-8077-47D3-BB28-AEC81E6D77D4}.Release|Any CPU.Build.0 = Release|Any CPU
		{638A3040-C656-4920-A925-947651F929D1}.Debug|Any CPU.ActiveCfg = Debug|Any CPU
		{638A3040-C656-4920-A925-947651F929D1}.Debug|Any CPU.Build.0 = Debug|Any CPU
		{638A3040-C656-4920-A925-947651F929D1}.Release|Any CPU.ActiveCfg = Release|Any CPU
		{638A3040-C656-4920-A925-947651F929D1}.Release|Any CPU.Build.0 = Release|Any CPU
		{FFC348CE-A45F-4FB0-B7ED-326359994407}.Debug|Any CPU.ActiveCfg = Debug|Any CPU
		{FFC348CE-A45F-4FB0-B7ED-326359994407}.Debug|Any CPU.Build.0 = Debug|Any CPU
		{FFC348CE-A45F-4FB0-B7ED-326359994407}.Release|Any CPU.ActiveCfg = Release|Any CPU
		{FFC348CE-A45F-4FB0-B7ED-326359994407}.Release|Any CPU.Build.0 = Release|Any CPU
		{B21084AA-BBDE-4DF7-A650-22D287CACF1A}.Debug|Any CPU.ActiveCfg = Debug|Any CPU
		{B21084AA-BBDE-4DF7-A650-22D287CACF1A}.Debug|Any CPU.Build.0 = Debug|Any CPU
		{B21084AA-BBDE-4DF7-A650-22D287CACF1A}.Release|Any CPU.ActiveCfg = Release|Any CPU
		{B21084AA-BBDE-4DF7-A650-22D287CACF1A}.Release|Any CPU.Build.0 = Release|Any CPU
		{0862F847-27B6-4BED-87FA-2CE76C597CB4}.Debug|Any CPU.ActiveCfg = Debug|Any CPU
		{0862F847-27B6-4BED-87FA-2CE76C597CB4}.Debug|Any CPU.Build.0 = Debug|Any CPU
		{0862F847-27B6-4BED-87FA-2CE76C597CB4}.Release|Any CPU.ActiveCfg = Release|Any CPU
		{0862F847-27B6-4BED-87FA-2CE76C597CB4}.Release|Any CPU.Build.0 = Release|Any CPU
		{A4B7F8D9-B5DE-4C05-8798-FDB47AFFFAD2}.Debug|Any CPU.ActiveCfg = Debug|Any CPU
		{A4B7F8D9-B5DE-4C05-8798-FDB47AFFFAD2}.Debug|Any CPU.Build.0 = Debug|Any CPU
		{A4B7F8D9-B5DE-4C05-8798-FDB47AFFFAD2}.Release|Any CPU.ActiveCfg = Release|Any CPU
		{A4B7F8D9-B5DE-4C05-8798-FDB47AFFFAD2}.Release|Any CPU.Build.0 = Release|Any CPU
		{9BE4D4ED-1314-4235-91AF-C6F279E33E06}.Debug|Any CPU.ActiveCfg = Debug|Any CPU
		{9BE4D4ED-1314-4235-91AF-C6F279E33E06}.Debug|Any CPU.Build.0 = Debug|Any CPU
		{9BE4D4ED-1314-4235-91AF-C6F279E33E06}.Release|Any CPU.ActiveCfg = Release|Any CPU
		{9BE4D4ED-1314-4235-91AF-C6F279E33E06}.Release|Any CPU.Build.0 = Release|Any CPU
		{5E4219C1-14F5-4D7D-AC9F-851CD6B9156D}.Debug|Any CPU.ActiveCfg = Debug|Any CPU
		{5E4219C1-14F5-4D7D-AC9F-851CD6B9156D}.Debug|Any CPU.Build.0 = Debug|Any CPU
		{5E4219C1-14F5-4D7D-AC9F-851CD6B9156D}.Release|Any CPU.ActiveCfg = Release|Any CPU
		{5E4219C1-14F5-4D7D-AC9F-851CD6B9156D}.Release|Any CPU.Build.0 = Release|Any CPU
	EndGlobalSection
	GlobalSection(SolutionProperties) = preSolution
		HideSolutionNode = FALSE
	EndGlobalSection
	GlobalSection(NestedProjects) = preSolution
		{4FD817BF-86A1-4C9F-999E-47382AAFAE8F} = {2272F3AD-71A9-4614-8621-888F08CF2432}
		{B3D3EBDC-47D1-4A85-AFF4-3053FC5C548E} = {4FD817BF-86A1-4C9F-999E-47382AAFAE8F}
		{86B4F860-A3F5-4C01-9EE5-91A79427A8AD} = {2272F3AD-71A9-4614-8621-888F08CF2432}
		{0450F3A4-A6E6-4AF9-B776-BD99700466BC} = {2272F3AD-71A9-4614-8621-888F08CF2432}
		{880BDC54-D400-41E2-A83F-87E8FF906FA1} = {86B4F860-A3F5-4C01-9EE5-91A79427A8AD}
		{447A2F8A-037A-4432-9068-4CF724F04A4B} = {0450F3A4-A6E6-4AF9-B776-BD99700466BC}
		{64007EBF-A124-4054-9BEA-6F6ADD822AD5} = {E5670E43-3252-4A9E-BB40-0C4AFA8FC7E7}
		{0D9D0961-50FC-44F0-9A26-1E09D92547E5} = {E5670E43-3252-4A9E-BB40-0C4AFA8FC7E7}
		{01D35E0A-8077-47D3-BB28-AEC81E6D77D4} = {E5670E43-3252-4A9E-BB40-0C4AFA8FC7E7}
		{638A3040-C656-4920-A925-947651F929D1} = {64007EBF-A124-4054-9BEA-6F6ADD822AD5}
		{FFC348CE-A45F-4FB0-B7ED-326359994407} = {4FD817BF-86A1-4C9F-999E-47382AAFAE8F}
		{B21084AA-BBDE-4DF7-A650-22D287CACF1A} = {4FD817BF-86A1-4C9F-999E-47382AAFAE8F}
		{AE15403A-B4E5-4AB6-8F0F-228E01E5A928} = {2272F3AD-71A9-4614-8621-888F08CF2432}
		{0862F847-27B6-4BED-87FA-2CE76C597CB4} = {AE15403A-B4E5-4AB6-8F0F-228E01E5A928}
		{A4B7F8D9-B5DE-4C05-8798-FDB47AFFFAD2} = {4FD817BF-86A1-4C9F-999E-47382AAFAE8F}
		{9BE4D4ED-1314-4235-91AF-C6F279E33E06} = {4FD817BF-86A1-4C9F-999E-47382AAFAE8F}
		{702797E3-8029-4C83-A780-9DB7211CF5BA} = {2272F3AD-71A9-4614-8621-888F08CF2432}
		{5E4219C1-14F5-4D7D-AC9F-851CD6B9156D} = {702797E3-8029-4C83-A780-9DB7211CF5BA}
		{70224A9D-F121-4310-83DA-D4D86BDFEE01} = {2272F3AD-71A9-4614-8621-888F08CF2432}
		{55295256-EDFE-46C5-9E22-19D94249A7D6} = {70224A9D-F121-4310-83DA-D4D86BDFEE01}
		{68025AD5-4D54-416B-A1AB-C017C434C4F6} = {70224A9D-F121-4310-83DA-D4D86BDFEE01}
	EndGlobalSection
	GlobalSection(ExtensibilityGlobals) = postSolution
		SolutionGuid = {F608A0B5-A14F-4210-A15C-AFBEB5049E9F}
	EndGlobalSection
EndGlobal
