
Microsoft Visual Studio Solution File, Format Version 12.00
# Visual Studio Version 16
VisualStudioVersion = 16.0.31624.102
MinimumVisualStudioVersion = 10.0.40219.1
Project("{2150E333-8FDC-42A3-9474-1A3956D46DE8}") = "Src", "Src", "{2272F3AD-71A9-4614-8621-888F08CF2432}"
EndProject
Project("{2150E333-8FDC-42A3-9474-1A3956D46DE8}") = "0_Tools", "0_Tools", "{86B4F860-A3F5-4C01-9EE5-91A79427A8AD}"
EndProject
Project("{2150E333-8FDC-42A3-9474-1A3956D46DE8}") = "Domain", "Domain", "{0450F3A4-A6E6-4AF9-B776-BD99700466BC}"
EndProject
Project("{9A19103F-16F7-4668-BE54-9A1E7A4F7556}") = "ReservationSystem.DatabaseMigrations", "Src\0_Tools\ReservationSystem.DatabaseMigrations\ReservationSystem.DatabaseMigrations.csproj", "{880BDC54-D400-41E2-A83F-87E8FF906FA1}"
EndProject
Project("{9A19103F-16F7-4668-BE54-9A1E7A4F7556}") = "ReservationSystem.Domain", "Src\Domain\ReservationSystem.Domain\ReservationSystem.Domain.csproj", "{447A2F8A-037A-4432-9068-4CF724F04A4B}"
EndProject
Project("{2150E333-8FDC-42A3-9474-1A3956D46DE8}") = "tests", "tests", "{E5670E43-3252-4A9E-BB40-0C4AFA8FC7E7}"
EndProject
Project("{2150E333-8FDC-42A3-9474-1A3956D46DE8}") = "Utils", "Utils", "{64007EBF-A124-4054-9BEA-6F6ADD822AD5}"
EndProject
Project("{9A19103F-16F7-4668-BE54-9A1E7A4F7556}") = "ReservationSystem.Domain.Tests.Unit", "tests\ReservationSystem.Domain.Tests.Unit\ReservationSystem.Domain.Tests.Unit.csproj", "{0D9D0961-50FC-44F0-9A26-1E09D92547E5}"
EndProject
Project("{9A19103F-16F7-4668-BE54-9A1E7A4F7556}") = "ReservationSystem.NH.Tests.Integration", "tests\ReservationSystem.NH.Tests.Integration\ReservationSystem.NH.Tests.Integration.csproj", "{01D35E0A-8077-47D3-BB28-AEC81E6D77D4}"
EndProject
Project("{9A19103F-16F7-4668-BE54-9A1E7A4F7556}") = "ReservationSystem.Domain.TestsUtils", "tests\Utils\ReservationSystem.Domain.TestsUtils\ReservationSystem.Domain.TestsUtils.csproj", "{638A3040-C656-4920-A925-947651F929D1}"
EndProject
Project("{2150E333-8FDC-42A3-9474-1A3956D46DE8}") = "Framework", "Framework", "{32B86040-FD6A-4745-B60A-E26A9888EE0E}"
EndProject
Project("{9A19103F-16F7-4668-BE54-9A1E7A4F7556}") = "Framework.Application", "Src\Framework\Framework.Application\Framework.Application.csproj", "{3C903770-A600-4737-AF1B-5524084617C6}"
EndProject
Project("{9A19103F-16F7-4668-BE54-9A1E7A4F7556}") = "Framework.Core", "Src\Framework\Framework.Core\Framework.Core.csproj", "{659E40F4-F07F-4E7B-BA15-E34702E67AEA}"
EndProject
Project("{9A19103F-16F7-4668-BE54-9A1E7A4F7556}") = "Framework.Domain", "Src\Framework\Framework.Domain\Framework.Domain.csproj", "{60F85DE6-6320-4AA9-A717-F403789E3C78}"
EndProject
Project("{9A19103F-16F7-4668-BE54-9A1E7A4F7556}") = "Framework.NH", "Src\Framework\Framework.NH\Framework.NH.csproj", "{3DFE7A7F-C9CF-48F8-85C6-FA448CFF83F7}"
EndProject
Project("{9A19103F-16F7-4668-BE54-9A1E7A4F7556}") = "Framework.Test", "Src\Framework\Framework.Test\Framework.Test.csproj", "{2139E376-F11C-41AA-A180-2763E34D8763}"
EndProject
Project("{2150E333-8FDC-42A3-9474-1A3956D46DE8}") = "Gateways", "Gateways", "{3ED6FA95-8B1D-40E0-8653-B67FA0DDF041}"
EndProject
Project("{2150E333-8FDC-42A3-9474-1A3956D46DE8}") = "Infrastructure", "Infrastructure", "{5ED2BD81-0851-4190-98E5-59B1FF1EF855}"
EndProject
Project("{9A19103F-16F7-4668-BE54-9A1E7A4F7556}") = "ReservationSyatem.Gateways.RestApi", "Src\Gateways\ReservationSyatem.Gateways.RestApi\ReservationSyatem.Gateways.RestApi.csproj", "{B4354F02-65B0-4887-992A-9471318C5A26}"
EndProject
Project("{9A19103F-16F7-4668-BE54-9A1E7A4F7556}") = "ReservationSystem.Persistence.NH", "Src\Infrastructure\ReservationSystem.Persistence.NH\ReservationSystem.Persistence.NH.csproj", "{B8CB999F-4CE5-445F-8D50-B5EC75A26ABC}"
EndProject
Project("{2150E333-8FDC-42A3-9474-1A3956D46DE8}") = "Application", "Application", "{53D9D5C7-E690-458A-8E20-18A8B3782FAD}"
EndProject
Project("{9A19103F-16F7-4668-BE54-9A1E7A4F7556}") = "ReservationSystem.Application", "Src\Application\ReservationSystem.Application\ReservationSystem.Application.csproj", "{100CD788-C2E2-4A39-A294-ABC55F4A18E9}"
EndProject
Project("{9A19103F-16F7-4668-BE54-9A1E7A4F7556}") = "ReservationSystem.Application.Contracts", "Src\Application\ReservationSystem.Application.Contracts\ReservationSystem.Application.Contracts.csproj", "{C23B744F-1886-43D3-A627-92A5964E7E99}"
EndProject
Project("{FAE04EC0-301F-11D3-BF4B-00C04F79EFBC}") = "Reservations.Gateway.Facade", "Src\Gateways\Reservations.Gateway.Facade\Reservations.Gateway.Facade.csproj", "{D5178A7C-FE8E-466F-B372-FF6D1E058A07}"
EndProject
Project("{FAE04EC0-301F-11D3-BF4B-00C04F79EFBC}") = "Reservations.Gateway.Facade.Query", "Src\Gateways\Reservations.Gateway.Facade.Query\Reservations.Gateway.Facade.Query.csproj", "{0F73AD99-A5F9-4DAE-BA11-440E8B2C590B}"
EndProject
Project("{FAE04EC0-301F-11D3-BF4B-00C04F79EFBC}") = "Reservations.Gateways.Subscriber", "Src\Gateways\Reservations.Gateways.Subscriber\Reservations.Gateways.Subscriber.csproj", "{C3E7B812-A50A-4190-BBCC-80927332102F}"
EndProject
Project("{FAE04EC0-301F-11D3-BF4B-00C04F79EFBC}") = "ReservationSystem.Domailn.Contract", "Src\Domain\ReservationSystem.Domailn.Contract\ReservationSystem.Domailn.Contract.csproj", "{70D126D8-F6B9-4529-8573-1B1AAF5C849B}"
EndProject
Global
	GlobalSection(SolutionConfigurationPlatforms) = preSolution
		Debug|Any CPU = Debug|Any CPU
		Release|Any CPU = Release|Any CPU
	EndGlobalSection
	GlobalSection(ProjectConfigurationPlatforms) = postSolution
		{880BDC54-D400-41E2-A83F-87E8FF906FA1}.Debug|Any CPU.ActiveCfg = Debug|Any CPU
		{880BDC54-D400-41E2-A83F-87E8FF906FA1}.Debug|Any CPU.Build.0 = Debug|Any CPU
		{880BDC54-D400-41E2-A83F-87E8FF906FA1}.Release|Any CPU.ActiveCfg = Release|Any CPU
		{880BDC54-D400-41E2-A83F-87E8FF906FA1}.Release|Any CPU.Build.0 = Release|Any CPU
		{447A2F8A-037A-4432-9068-4CF724F04A4B}.Debug|Any CPU.ActiveCfg = Debug|Any CPU
		{447A2F8A-037A-4432-9068-4CF724F04A4B}.Debug|Any CPU.Build.0 = Debug|Any CPU
		{447A2F8A-037A-4432-9068-4CF724F04A4B}.Release|Any CPU.ActiveCfg = Release|Any CPU
		{447A2F8A-037A-4432-9068-4CF724F04A4B}.Release|Any CPU.Build.0 = Release|Any CPU
		{0D9D0961-50FC-44F0-9A26-1E09D92547E5}.Debug|Any CPU.ActiveCfg = Debug|Any CPU
		{0D9D0961-50FC-44F0-9A26-1E09D92547E5}.Debug|Any CPU.Build.0 = Debug|Any CPU
		{0D9D0961-50FC-44F0-9A26-1E09D92547E5}.Release|Any CPU.ActiveCfg = Release|Any CPU
		{0D9D0961-50FC-44F0-9A26-1E09D92547E5}.Release|Any CPU.Build.0 = Release|Any CPU
		{01D35E0A-8077-47D3-BB28-AEC81E6D77D4}.Debug|Any CPU.ActiveCfg = Debug|Any CPU
		{01D35E0A-8077-47D3-BB28-AEC81E6D77D4}.Debug|Any CPU.Build.0 = Debug|Any CPU
		{01D35E0A-8077-47D3-BB28-AEC81E6D77D4}.Release|Any CPU.ActiveCfg = Release|Any CPU
		{01D35E0A-8077-47D3-BB28-AEC81E6D77D4}.Release|Any CPU.Build.0 = Release|Any CPU
		{638A3040-C656-4920-A925-947651F929D1}.Debug|Any CPU.ActiveCfg = Debug|Any CPU
		{638A3040-C656-4920-A925-947651F929D1}.Debug|Any CPU.Build.0 = Debug|Any CPU
		{638A3040-C656-4920-A925-947651F929D1}.Release|Any CPU.ActiveCfg = Release|Any CPU
		{638A3040-C656-4920-A925-947651F929D1}.Release|Any CPU.Build.0 = Release|Any CPU
		{3C903770-A600-4737-AF1B-5524084617C6}.Debug|Any CPU.ActiveCfg = Debug|Any CPU
		{3C903770-A600-4737-AF1B-5524084617C6}.Debug|Any CPU.Build.0 = Debug|Any CPU
		{3C903770-A600-4737-AF1B-5524084617C6}.Release|Any CPU.ActiveCfg = Release|Any CPU
		{3C903770-A600-4737-AF1B-5524084617C6}.Release|Any CPU.Build.0 = Release|Any CPU
		{659E40F4-F07F-4E7B-BA15-E34702E67AEA}.Debug|Any CPU.ActiveCfg = Debug|Any CPU
		{659E40F4-F07F-4E7B-BA15-E34702E67AEA}.Debug|Any CPU.Build.0 = Debug|Any CPU
		{659E40F4-F07F-4E7B-BA15-E34702E67AEA}.Release|Any CPU.ActiveCfg = Release|Any CPU
		{659E40F4-F07F-4E7B-BA15-E34702E67AEA}.Release|Any CPU.Build.0 = Release|Any CPU
		{60F85DE6-6320-4AA9-A717-F403789E3C78}.Debug|Any CPU.ActiveCfg = Debug|Any CPU
		{60F85DE6-6320-4AA9-A717-F403789E3C78}.Debug|Any CPU.Build.0 = Debug|Any CPU
		{60F85DE6-6320-4AA9-A717-F403789E3C78}.Release|Any CPU.ActiveCfg = Release|Any CPU
		{60F85DE6-6320-4AA9-A717-F403789E3C78}.Release|Any CPU.Build.0 = Release|Any CPU
		{3DFE7A7F-C9CF-48F8-85C6-FA448CFF83F7}.Debug|Any CPU.ActiveCfg = Debug|Any CPU
		{3DFE7A7F-C9CF-48F8-85C6-FA448CFF83F7}.Debug|Any CPU.Build.0 = Debug|Any CPU
		{3DFE7A7F-C9CF-48F8-85C6-FA448CFF83F7}.Release|Any CPU.ActiveCfg = Release|Any CPU
		{3DFE7A7F-C9CF-48F8-85C6-FA448CFF83F7}.Release|Any CPU.Build.0 = Release|Any CPU
		{2139E376-F11C-41AA-A180-2763E34D8763}.Debug|Any CPU.ActiveCfg = Debug|Any CPU
		{2139E376-F11C-41AA-A180-2763E34D8763}.Debug|Any CPU.Build.0 = Debug|Any CPU
		{2139E376-F11C-41AA-A180-2763E34D8763}.Release|Any CPU.ActiveCfg = Release|Any CPU
		{2139E376-F11C-41AA-A180-2763E34D8763}.Release|Any CPU.Build.0 = Release|Any CPU
		{B4354F02-65B0-4887-992A-9471318C5A26}.Debug|Any CPU.ActiveCfg = Debug|Any CPU
		{B4354F02-65B0-4887-992A-9471318C5A26}.Debug|Any CPU.Build.0 = Debug|Any CPU
		{B4354F02-65B0-4887-992A-9471318C5A26}.Release|Any CPU.ActiveCfg = Release|Any CPU
		{B4354F02-65B0-4887-992A-9471318C5A26}.Release|Any CPU.Build.0 = Release|Any CPU
		{B8CB999F-4CE5-445F-8D50-B5EC75A26ABC}.Debug|Any CPU.ActiveCfg = Debug|Any CPU
		{B8CB999F-4CE5-445F-8D50-B5EC75A26ABC}.Debug|Any CPU.Build.0 = Debug|Any CPU
		{B8CB999F-4CE5-445F-8D50-B5EC75A26ABC}.Release|Any CPU.ActiveCfg = Release|Any CPU
		{B8CB999F-4CE5-445F-8D50-B5EC75A26ABC}.Release|Any CPU.Build.0 = Release|Any CPU
		{100CD788-C2E2-4A39-A294-ABC55F4A18E9}.Debug|Any CPU.ActiveCfg = Debug|Any CPU
		{100CD788-C2E2-4A39-A294-ABC55F4A18E9}.Debug|Any CPU.Build.0 = Debug|Any CPU
		{100CD788-C2E2-4A39-A294-ABC55F4A18E9}.Release|Any CPU.ActiveCfg = Release|Any CPU
		{100CD788-C2E2-4A39-A294-ABC55F4A18E9}.Release|Any CPU.Build.0 = Release|Any CPU
		{C23B744F-1886-43D3-A627-92A5964E7E99}.Debug|Any CPU.ActiveCfg = Debug|Any CPU
		{C23B744F-1886-43D3-A627-92A5964E7E99}.Debug|Any CPU.Build.0 = Debug|Any CPU
		{C23B744F-1886-43D3-A627-92A5964E7E99}.Release|Any CPU.ActiveCfg = Release|Any CPU
		{C23B744F-1886-43D3-A627-92A5964E7E99}.Release|Any CPU.Build.0 = Release|Any CPU
		{D5178A7C-FE8E-466F-B372-FF6D1E058A07}.Debug|Any CPU.ActiveCfg = Debug|Any CPU
		{D5178A7C-FE8E-466F-B372-FF6D1E058A07}.Debug|Any CPU.Build.0 = Debug|Any CPU
		{D5178A7C-FE8E-466F-B372-FF6D1E058A07}.Release|Any CPU.ActiveCfg = Release|Any CPU
		{D5178A7C-FE8E-466F-B372-FF6D1E058A07}.Release|Any CPU.Build.0 = Release|Any CPU
		{0F73AD99-A5F9-4DAE-BA11-440E8B2C590B}.Debug|Any CPU.ActiveCfg = Debug|Any CPU
		{0F73AD99-A5F9-4DAE-BA11-440E8B2C590B}.Debug|Any CPU.Build.0 = Debug|Any CPU
		{0F73AD99-A5F9-4DAE-BA11-440E8B2C590B}.Release|Any CPU.ActiveCfg = Release|Any CPU
		{0F73AD99-A5F9-4DAE-BA11-440E8B2C590B}.Release|Any CPU.Build.0 = Release|Any CPU
		{C3E7B812-A50A-4190-BBCC-80927332102F}.Debug|Any CPU.ActiveCfg = Debug|Any CPU
		{C3E7B812-A50A-4190-BBCC-80927332102F}.Debug|Any CPU.Build.0 = Debug|Any CPU
		{C3E7B812-A50A-4190-BBCC-80927332102F}.Release|Any CPU.ActiveCfg = Release|Any CPU
		{C3E7B812-A50A-4190-BBCC-80927332102F}.Release|Any CPU.Build.0 = Release|Any CPU
		{70D126D8-F6B9-4529-8573-1B1AAF5C849B}.Debug|Any CPU.ActiveCfg = Debug|Any CPU
		{70D126D8-F6B9-4529-8573-1B1AAF5C849B}.Debug|Any CPU.Build.0 = Debug|Any CPU
		{70D126D8-F6B9-4529-8573-1B1AAF5C849B}.Release|Any CPU.ActiveCfg = Release|Any CPU
		{70D126D8-F6B9-4529-8573-1B1AAF5C849B}.Release|Any CPU.Build.0 = Release|Any CPU
	EndGlobalSection
	GlobalSection(SolutionProperties) = preSolution
		HideSolutionNode = FALSE
	EndGlobalSection
	GlobalSection(NestedProjects) = preSolution
		{86B4F860-A3F5-4C01-9EE5-91A79427A8AD} = {2272F3AD-71A9-4614-8621-888F08CF2432}
		{0450F3A4-A6E6-4AF9-B776-BD99700466BC} = {2272F3AD-71A9-4614-8621-888F08CF2432}
		{880BDC54-D400-41E2-A83F-87E8FF906FA1} = {86B4F860-A3F5-4C01-9EE5-91A79427A8AD}
		{447A2F8A-037A-4432-9068-4CF724F04A4B} = {0450F3A4-A6E6-4AF9-B776-BD99700466BC}
		{64007EBF-A124-4054-9BEA-6F6ADD822AD5} = {E5670E43-3252-4A9E-BB40-0C4AFA8FC7E7}
		{0D9D0961-50FC-44F0-9A26-1E09D92547E5} = {E5670E43-3252-4A9E-BB40-0C4AFA8FC7E7}
		{01D35E0A-8077-47D3-BB28-AEC81E6D77D4} = {E5670E43-3252-4A9E-BB40-0C4AFA8FC7E7}
		{638A3040-C656-4920-A925-947651F929D1} = {64007EBF-A124-4054-9BEA-6F6ADD822AD5}
		{32B86040-FD6A-4745-B60A-E26A9888EE0E} = {2272F3AD-71A9-4614-8621-888F08CF2432}
		{3C903770-A600-4737-AF1B-5524084617C6} = {32B86040-FD6A-4745-B60A-E26A9888EE0E}
		{659E40F4-F07F-4E7B-BA15-E34702E67AEA} = {32B86040-FD6A-4745-B60A-E26A9888EE0E}
		{60F85DE6-6320-4AA9-A717-F403789E3C78} = {32B86040-FD6A-4745-B60A-E26A9888EE0E}
		{3DFE7A7F-C9CF-48F8-85C6-FA448CFF83F7} = {32B86040-FD6A-4745-B60A-E26A9888EE0E}
		{2139E376-F11C-41AA-A180-2763E34D8763} = {32B86040-FD6A-4745-B60A-E26A9888EE0E}
		{3ED6FA95-8B1D-40E0-8653-B67FA0DDF041} = {2272F3AD-71A9-4614-8621-888F08CF2432}
		{5ED2BD81-0851-4190-98E5-59B1FF1EF855} = {2272F3AD-71A9-4614-8621-888F08CF2432}
		{B4354F02-65B0-4887-992A-9471318C5A26} = {3ED6FA95-8B1D-40E0-8653-B67FA0DDF041}
		{B8CB999F-4CE5-445F-8D50-B5EC75A26ABC} = {5ED2BD81-0851-4190-98E5-59B1FF1EF855}
		{53D9D5C7-E690-458A-8E20-18A8B3782FAD} = {2272F3AD-71A9-4614-8621-888F08CF2432}
		{100CD788-C2E2-4A39-A294-ABC55F4A18E9} = {53D9D5C7-E690-458A-8E20-18A8B3782FAD}
		{C23B744F-1886-43D3-A627-92A5964E7E99} = {53D9D5C7-E690-458A-8E20-18A8B3782FAD}
		{D5178A7C-FE8E-466F-B372-FF6D1E058A07} = {3ED6FA95-8B1D-40E0-8653-B67FA0DDF041}
		{0F73AD99-A5F9-4DAE-BA11-440E8B2C590B} = {3ED6FA95-8B1D-40E0-8653-B67FA0DDF041}
		{C3E7B812-A50A-4190-BBCC-80927332102F} = {3ED6FA95-8B1D-40E0-8653-B67FA0DDF041}
		{70D126D8-F6B9-4529-8573-1B1AAF5C849B} = {0450F3A4-A6E6-4AF9-B776-BD99700466BC}
	EndGlobalSection
	GlobalSection(ExtensibilityGlobals) = postSolution
		SolutionGuid = {F608A0B5-A14F-4210-A15C-AFBEB5049E9F}
	EndGlobalSection
EndGlobal
