
Microsoft Visual Studio Solution File, Format Version 12.00
# Visual Studio Version 16
VisualStudioVersion = 16.0.31624.102
MinimumVisualStudioVersion = 10.0.40219.1
Project("{2150E333-8FDC-42A3-9474-1A3956D46DE8}") = "Framework", "Framework", "{4FD817BF-86A1-4C9F-999E-47382AAFAE8F}"
EndProject
Project("{9A19103F-16F7-4668-BE54-9A1E7A4F7556}") = "Framework.Domain", "framework\Framework.Domain\Framework.Domain.csproj", "{B3D3EBDC-47D1-4A85-AFF4-3053FC5C548E}"
EndProject
Project("{2150E333-8FDC-42A3-9474-1A3956D46DE8}") = "Src", "Src", "{2272F3AD-71A9-4614-8621-888F08CF2432}"
EndProject
Project("{2150E333-8FDC-42A3-9474-1A3956D46DE8}") = "0_Tools", "0_Tools", "{86B4F860-A3F5-4C01-9EE5-91A79427A8AD}"
EndProject
Project("{2150E333-8FDC-42A3-9474-1A3956D46DE8}") = "Domain", "Domain", "{0450F3A4-A6E6-4AF9-B776-BD99700466BC}"
EndProject
Project("{9A19103F-16F7-4668-BE54-9A1E7A4F7556}") = "ReservationSystem.DatabaseMigrations", "Src\0_Tools\ReservationSystem.DatabaseMigrations\ReservationSystem.DatabaseMigrations.csproj", "{880BDC54-D400-41E2-A83F-87E8FF906FA1}"
EndProject
Project("{9A19103F-16F7-4668-BE54-9A1E7A4F7556}") = "ReservationSystem.Domain", "Src\Domain\ReservationSystem.Domain\ReservationSystem.Domain.csproj", "{447A2F8A-037A-4432-9068-4CF724F04A4B}"
EndProject
Project("{2150E333-8FDC-42A3-9474-1A3956D46DE8}") = "tests", "tests", "{E5670E43-3252-4A9E-BB40-0C4AFA8FC7E7}"
EndProject
Project("{2150E333-8FDC-42A3-9474-1A3956D46DE8}") = "Utils", "Utils", "{64007EBF-A124-4054-9BEA-6F6ADD822AD5}"
EndProject
Project("{9A19103F-16F7-4668-BE54-9A1E7A4F7556}") = "ReservationSystem.Domain.Tests.Unit", "tests\ReservationSystem.Domain.Tests.Unit\ReservationSystem.Domain.Tests.Unit.csproj", "{0D9D0961-50FC-44F0-9A26-1E09D92547E5}"
EndProject
Project("{9A19103F-16F7-4668-BE54-9A1E7A4F7556}") = "ReservationSystem.NH.Tests.Integration", "tests\ReservationSystem.NH.Tests.Integration\ReservationSystem.NH.Tests.Integration.csproj", "{01D35E0A-8077-47D3-BB28-AEC81E6D77D4}"
EndProject
Global
	GlobalSection(SolutionConfigurationPlatforms) = preSolution
		Debug|Any CPU = Debug|Any CPU
		Release|Any CPU = Release|Any CPU
	EndGlobalSection
	GlobalSection(ProjectConfigurationPlatforms) = postSolution
		{B3D3EBDC-47D1-4A85-AFF4-3053FC5C548E}.Debug|Any CPU.ActiveCfg = Debug|Any CPU
		{B3D3EBDC-47D1-4A85-AFF4-3053FC5C548E}.Debug|Any CPU.Build.0 = Debug|Any CPU
		{B3D3EBDC-47D1-4A85-AFF4-3053FC5C548E}.Release|Any CPU.ActiveCfg = Release|Any CPU
		{B3D3EBDC-47D1-4A85-AFF4-3053FC5C548E}.Release|Any CPU.Build.0 = Release|Any CPU
		{880BDC54-D400-41E2-A83F-87E8FF906FA1}.Debug|Any CPU.ActiveCfg = Debug|Any CPU
		{880BDC54-D400-41E2-A83F-87E8FF906FA1}.Debug|Any CPU.Build.0 = Debug|Any CPU
		{880BDC54-D400-41E2-A83F-87E8FF906FA1}.Release|Any CPU.ActiveCfg = Release|Any CPU
		{880BDC54-D400-41E2-A83F-87E8FF906FA1}.Release|Any CPU.Build.0 = Release|Any CPU
		{447A2F8A-037A-4432-9068-4CF724F04A4B}.Debug|Any CPU.ActiveCfg = Debug|Any CPU
		{447A2F8A-037A-4432-9068-4CF724F04A4B}.Debug|Any CPU.Build.0 = Debug|Any CPU
		{447A2F8A-037A-4432-9068-4CF724F04A4B}.Release|Any CPU.ActiveCfg = Release|Any CPU
		{447A2F8A-037A-4432-9068-4CF724F04A4B}.Release|Any CPU.Build.0 = Release|Any CPU
		{0D9D0961-50FC-44F0-9A26-1E09D92547E5}.Debug|Any CPU.ActiveCfg = Debug|Any CPU
		{0D9D0961-50FC-44F0-9A26-1E09D92547E5}.Debug|Any CPU.Build.0 = Debug|Any CPU
		{0D9D0961-50FC-44F0-9A26-1E09D92547E5}.Release|Any CPU.ActiveCfg = Release|Any CPU
		{0D9D0961-50FC-44F0-9A26-1E09D92547E5}.Release|Any CPU.Build.0 = Release|Any CPU
		{01D35E0A-8077-47D3-BB28-AEC81E6D77D4}.Debug|Any CPU.ActiveCfg = Debug|Any CPU
		{01D35E0A-8077-47D3-BB28-AEC81E6D77D4}.Debug|Any CPU.Build.0 = Debug|Any CPU
		{01D35E0A-8077-47D3-BB28-AEC81E6D77D4}.Release|Any CPU.ActiveCfg = Release|Any CPU
		{01D35E0A-8077-47D3-BB28-AEC81E6D77D4}.Release|Any CPU.Build.0 = Release|Any CPU
	EndGlobalSection
	GlobalSection(SolutionProperties) = preSolution
		HideSolutionNode = FALSE
	EndGlobalSection
	GlobalSection(NestedProjects) = preSolution
		{B3D3EBDC-47D1-4A85-AFF4-3053FC5C548E} = {4FD817BF-86A1-4C9F-999E-47382AAFAE8F}
		{86B4F860-A3F5-4C01-9EE5-91A79427A8AD} = {2272F3AD-71A9-4614-8621-888F08CF2432}
		{0450F3A4-A6E6-4AF9-B776-BD99700466BC} = {2272F3AD-71A9-4614-8621-888F08CF2432}
		{880BDC54-D400-41E2-A83F-87E8FF906FA1} = {86B4F860-A3F5-4C01-9EE5-91A79427A8AD}
		{447A2F8A-037A-4432-9068-4CF724F04A4B} = {0450F3A4-A6E6-4AF9-B776-BD99700466BC}
		{64007EBF-A124-4054-9BEA-6F6ADD822AD5} = {E5670E43-3252-4A9E-BB40-0C4AFA8FC7E7}
		{0D9D0961-50FC-44F0-9A26-1E09D92547E5} = {E5670E43-3252-4A9E-BB40-0C4AFA8FC7E7}
		{01D35E0A-8077-47D3-BB28-AEC81E6D77D4} = {E5670E43-3252-4A9E-BB40-0C4AFA8FC7E7}
	EndGlobalSection
	GlobalSection(ExtensibilityGlobals) = postSolution
		SolutionGuid = {F608A0B5-A14F-4210-A15C-AFBEB5049E9F}
	EndGlobalSection
EndGlobal
